
Microsoft Visual Studio Solution File, Format Version 12.00
# Visual Studio Version 16
VisualStudioVersion = 16.0.30114.105
MinimumVisualStudioVersion = 10.0.40219.1
Project("{FAE04EC0-301F-11D3-BF4B-00C04F79EFBC}") = "IndustriaAgroalimentaria", "IndustriaAgroalimentaria\IndustriaAgroalimentaria.csproj", "{19A81426-70DC-4548-B1ED-81FCF4045340}"
EndProject
Global
	GlobalSection(SolutionConfigurationPlatforms) = preSolution
		Debug|Any CPU = Debug|Any CPU
		Release|Any CPU = Release|Any CPU
	EndGlobalSection
	GlobalSection(ProjectConfigurationPlatforms) = postSolution
		{19A81426-70DC-4548-B1ED-81FCF4045340}.Debug|Any CPU.ActiveCfg = Debug|Any CPU
		{19A81426-70DC-4548-B1ED-81FCF4045340}.Debug|Any CPU.Build.0 = Debug|Any CPU
		{19A81426-70DC-4548-B1ED-81FCF4045340}.Release|Any CPU.ActiveCfg = Release|Any CPU
		{19A81426-70DC-4548-B1ED-81FCF4045340}.Release|Any CPU.Build.0 = Release|Any CPU
	EndGlobalSection
	GlobalSection(SolutionProperties) = preSolution
		HideSolutionNode = FALSE
	EndGlobalSection
	GlobalSection(ExtensibilityGlobals) = postSolution
		SolutionGuid = {D783C50A-46D0-4110-947F-FF930DC2D9D4}
	EndGlobalSection
EndGlobal
